// !$*UTF8*$!
{
	archiveVersion = 1;
	classes = {
	};
	objectVersion = 50;
	objects = {

/* Begin PBXBuildFile section */
		FC94EF1525AAD97500E32B7B /* AppDelegate.swift in Sources */ = {isa = PBXBuildFile; fileRef = FC94EF1425AAD97500E32B7B /* AppDelegate.swift */; };
		FC94EF1725AAD97500E32B7B /* SceneDelegate.swift in Sources */ = {isa = PBXBuildFile; fileRef = FC94EF1625AAD97500E32B7B /* SceneDelegate.swift */; };
		FC94EF1925AAD97500E32B7B /* ViewController.swift in Sources */ = {isa = PBXBuildFile; fileRef = FC94EF1825AAD97500E32B7B /* ViewController.swift */; };
		FC94EF1C25AAD97500E32B7B /* Main.storyboard in Resources */ = {isa = PBXBuildFile; fileRef = FC94EF1A25AAD97500E32B7B /* Main.storyboard */; };
		FC94EF1E25AAD97600E32B7B /* Assets.xcassets in Resources */ = {isa = PBXBuildFile; fileRef = FC94EF1D25AAD97600E32B7B /* Assets.xcassets */; };
		FC94EF2125AAD97600E32B7B /* LaunchScreen.storyboard in Resources */ = {isa = PBXBuildFile; fileRef = FC94EF1F25AAD97600E32B7B /* LaunchScreen.storyboard */; };
		FC94EF2C25AAD97600E32B7B /* HelloWorldTests.swift in Sources */ = {isa = PBXBuildFile; fileRef = FC94EF2B25AAD97600E32B7B /* HelloWorldTests.swift */; };
		FC94EF3725AAD97600E32B7B /* HelloWorldUITests.swift in Sources */ = {isa = PBXBuildFile; fileRef = FC94EF3625AAD97600E32B7B /* HelloWorldUITests.swift */; };
/* End PBXBuildFile section */

/* Begin PBXContainerItemProxy section */
		FC94EF2825AAD97600E32B7B /* PBXContainerItemProxy */ = {
			isa = PBXContainerItemProxy;
			containerPortal = FC94EF0925AAD97500E32B7B /* Project object */;
			proxyType = 1;
			remoteGlobalIDString = FC94EF1025AAD97500E32B7B;
			remoteInfo = HelloWorld;
		};
		FC94EF3325AAD97600E32B7B /* PBXContainerItemProxy */ = {
			isa = PBXContainerItemProxy;
			containerPortal = FC94EF0925AAD97500E32B7B /* Project object */;
			proxyType = 1;
			remoteGlobalIDString = FC94EF1025AAD97500E32B7B;
			remoteInfo = HelloWorld;
		};
/* End PBXContainerItemProxy section */

/* Begin PBXFileReference section */
		FC94EF1125AAD97500E32B7B /* HelloWorld.app */ = {isa = PBXFileReference; explicitFileType = wrapper.application; includeInIndex = 0; path = HelloWorld.app; sourceTree = BUILT_PRODUCTS_DIR; };
		FC94EF1425AAD97500E32B7B /* AppDelegate.swift */ = {isa = PBXFileReference; lastKnownFileType = sourcecode.swift; path = AppDelegate.swift; sourceTree = "<group>"; };
		FC94EF1625AAD97500E32B7B /* SceneDelegate.swift */ = {isa = PBXFileReference; lastKnownFileType = sourcecode.swift; path = SceneDelegate.swift; sourceTree = "<group>"; };
		FC94EF1825AAD97500E32B7B /* ViewController.swift */ = {isa = PBXFileReference; lastKnownFileType = sourcecode.swift; path = ViewController.swift; sourceTree = "<group>"; };
		FC94EF1B25AAD97500E32B7B /* Base */ = {isa = PBXFileReference; lastKnownFileType = file.storyboard; name = Base; path = Base.lproj/Main.storyboard; sourceTree = "<group>"; };
		FC94EF1D25AAD97600E32B7B /* Assets.xcassets */ = {isa = PBXFileReference; lastKnownFileType = folder.assetcatalog; path = Assets.xcassets; sourceTree = "<group>"; };
		FC94EF2025AAD97600E32B7B /* Base */ = {isa = PBXFileReference; lastKnownFileType = file.storyboard; name = Base; path = Base.lproj/LaunchScreen.storyboard; sourceTree = "<group>"; };
		FC94EF2225AAD97600E32B7B /* Info.plist */ = {isa = PBXFileReference; lastKnownFileType = text.plist.xml; path = Info.plist; sourceTree = "<group>"; };
		FC94EF2725AAD97600E32B7B /* HelloWorldTests.xctest */ = {isa = PBXFileReference; explicitFileType = wrapper.cfbundle; includeInIndex = 0; path = HelloWorldTests.xctest; sourceTree = BUILT_PRODUCTS_DIR; };
		FC94EF2B25AAD97600E32B7B /* HelloWorldTests.swift */ = {isa = PBXFileReference; lastKnownFileType = sourcecode.swift; path = HelloWorldTests.swift; sourceTree = "<group>"; };
		FC94EF2D25AAD97600E32B7B /* Info.plist */ = {isa = PBXFileReference; lastKnownFileType = text.plist.xml; path = Info.plist; sourceTree = "<group>"; };
		FC94EF3225AAD97600E32B7B /* HelloWorldUITests.xctest */ = {isa = PBXFileReference; explicitFileType = wrapper.cfbundle; includeInIndex = 0; path = HelloWorldUITests.xctest; sourceTree = BUILT_PRODUCTS_DIR; };
		FC94EF3625AAD97600E32B7B /* HelloWorldUITests.swift */ = {isa = PBXFileReference; lastKnownFileType = sourcecode.swift; path = HelloWorldUITests.swift; sourceTree = "<group>"; };
		FC94EF3825AAD97600E32B7B /* Info.plist */ = {isa = PBXFileReference; lastKnownFileType = text.plist.xml; path = Info.plist; sourceTree = "<group>"; };
/* End PBXFileReference section */

/* Begin PBXFrameworksBuildPhase section */
		FC94EF0E25AAD97500E32B7B /* Frameworks */ = {
			isa = PBXFrameworksBuildPhase;
			buildActionMask = 2147483647;
			files = (
			);
			runOnlyForDeploymentPostprocessing = 0;
		};
		FC94EF2425AAD97600E32B7B /* Frameworks */ = {
			isa = PBXFrameworksBuildPhase;
			buildActionMask = 2147483647;
			files = (
			);
			runOnlyForDeploymentPostprocessing = 0;
		};
		FC94EF2F25AAD97600E32B7B /* Frameworks */ = {
			isa = PBXFrameworksBuildPhase;
			buildActionMask = 2147483647;
			files = (
			);
			runOnlyForDeploymentPostprocessing = 0;
		};
/* End PBXFrameworksBuildPhase section */

/* Begin PBXGroup section */
		FC94EF0825AAD97500E32B7B = {
			isa = PBXGroup;
			children = (
				FC94EF1325AAD97500E32B7B /* HelloWorld */,
				FC94EF2A25AAD97600E32B7B /* HelloWorldTests */,
				FC94EF3525AAD97600E32B7B /* HelloWorldUITests */,
				FC94EF1225AAD97500E32B7B /* Products */,
			);
			sourceTree = "<group>";
		};
		FC94EF1225AAD97500E32B7B /* Products */ = {
			isa = PBXGroup;
			children = (
				FC94EF1125AAD97500E32B7B /* HelloWorld.app */,
				FC94EF2725AAD97600E32B7B /* HelloWorldTests.xctest */,
				FC94EF3225AAD97600E32B7B /* HelloWorldUITests.xctest */,
			);
			name = Products;
			sourceTree = "<group>";
		};
		FC94EF1325AAD97500E32B7B /* HelloWorld */ = {
			isa = PBXGroup;
			children = (
				FC94EF1425AAD97500E32B7B /* AppDelegate.swift */,
				FC94EF1625AAD97500E32B7B /* SceneDelegate.swift */,
				FC94EF1825AAD97500E32B7B /* ViewController.swift */,
				FC94EF1A25AAD97500E32B7B /* Main.storyboard */,
				FC94EF1D25AAD97600E32B7B /* Assets.xcassets */,
				FC94EF1F25AAD97600E32B7B /* LaunchScreen.storyboard */,
				FC94EF2225AAD97600E32B7B /* Info.plist */,
			);
			path = HelloWorld;
			sourceTree = "<group>";
		};
		FC94EF2A25AAD97600E32B7B /* HelloWorldTests */ = {
			isa = PBXGroup;
			children = (
				FC94EF2B25AAD97600E32B7B /* HelloWorldTests.swift */,
				FC94EF2D25AAD97600E32B7B /* Info.plist */,
			);
			path = HelloWorldTests;
			sourceTree = "<group>";
		};
		FC94EF3525AAD97600E32B7B /* HelloWorldUITests */ = {
			isa = PBXGroup;
			children = (
				FC94EF3625AAD97600E32B7B /* HelloWorldUITests.swift */,
				FC94EF3825AAD97600E32B7B /* Info.plist */,
			);
			path = HelloWorldUITests;
			sourceTree = "<group>";
		};
/* End PBXGroup section */

/* Begin PBXNativeTarget section */
		FC94EF1025AAD97500E32B7B /* HelloWorld */ = {
			isa = PBXNativeTarget;
			buildConfigurationList = FC94EF3B25AAD97600E32B7B /* Build configuration list for PBXNativeTarget "HelloWorld" */;
			buildPhases = (
				FC94EF0D25AAD97500E32B7B /* Sources */,
				FC94EF0E25AAD97500E32B7B /* Frameworks */,
				FC94EF0F25AAD97500E32B7B /* Resources */,
			);
			buildRules = (
			);
			dependencies = (
			);
			name = HelloWorld;
			productName = HelloWorld;
			productReference = FC94EF1125AAD97500E32B7B /* HelloWorld.app */;
			productType = "com.apple.product-type.application";
		};
		FC94EF2625AAD97600E32B7B /* HelloWorldTests */ = {
			isa = PBXNativeTarget;
			buildConfigurationList = FC94EF3E25AAD97600E32B7B /* Build configuration list for PBXNativeTarget "HelloWorldTests" */;
			buildPhases = (
				FC94EF2325AAD97600E32B7B /* Sources */,
				FC94EF2425AAD97600E32B7B /* Frameworks */,
				FC94EF2525AAD97600E32B7B /* Resources */,
			);
			buildRules = (
			);
			dependencies = (
				FC94EF2925AAD97600E32B7B /* PBXTargetDependency */,
			);
			name = HelloWorldTests;
			productName = HelloWorldTests;
			productReference = FC94EF2725AAD97600E32B7B /* HelloWorldTests.xctest */;
			productType = "com.apple.product-type.bundle.unit-test";
		};
		FC94EF3125AAD97600E32B7B /* HelloWorldUITests */ = {
			isa = PBXNativeTarget;
			buildConfigurationList = FC94EF4125AAD97600E32B7B /* Build configuration list for PBXNativeTarget "HelloWorldUITests" */;
			buildPhases = (
				FC94EF2E25AAD97600E32B7B /* Sources */,
				FC94EF2F25AAD97600E32B7B /* Frameworks */,
				FC94EF3025AAD97600E32B7B /* Resources */,
			);
			buildRules = (
			);
			dependencies = (
				FC94EF3425AAD97600E32B7B /* PBXTargetDependency */,
			);
			name = HelloWorldUITests;
			productName = HelloWorldUITests;
			productReference = FC94EF3225AAD97600E32B7B /* HelloWorldUITests.xctest */;
			productType = "com.apple.product-type.bundle.ui-testing";
		};
/* End PBXNativeTarget section */

/* Begin PBXProject section */
		FC94EF0925AAD97500E32B7B /* Project object */ = {
			isa = PBXProject;
			attributes = {
				LastSwiftUpdateCheck = 1220;
				LastUpgradeCheck = 1220;
				TargetAttributes = {
					FC94EF1025AAD97500E32B7B = {
						CreatedOnToolsVersion = 12.2;
					};
					FC94EF2625AAD97600E32B7B = {
						CreatedOnToolsVersion = 12.2;
						TestTargetID = FC94EF1025AAD97500E32B7B;
					};
					FC94EF3125AAD97600E32B7B = {
						CreatedOnToolsVersion = 12.2;
						TestTargetID = FC94EF1025AAD97500E32B7B;
					};
				};
			};
			buildConfigurationList = FC94EF0C25AAD97500E32B7B /* Build configuration list for PBXProject "HelloWorld" */;
			compatibilityVersion = "Xcode 9.3";
			developmentRegion = en;
			hasScannedForEncodings = 0;
			knownRegions = (
				en,
				Base,
			);
			mainGroup = FC94EF0825AAD97500E32B7B;
			productRefGroup = FC94EF1225AAD97500E32B7B /* Products */;
			projectDirPath = "";
			projectRoot = "";
			targets = (
				FC94EF1025AAD97500E32B7B /* HelloWorld */,
				FC94EF2625AAD97600E32B7B /* HelloWorldTests */,
				FC94EF3125AAD97600E32B7B /* HelloWorldUITests */,
			);
		};
/* End PBXProject section */

/* Begin PBXResourcesBuildPhase section */
		FC94EF0F25AAD97500E32B7B /* Resources */ = {
			isa = PBXResourcesBuildPhase;
			buildActionMask = 2147483647;
			files = (
				FC94EF2125AAD97600E32B7B /* LaunchScreen.storyboard in Resources */,
				FC94EF1E25AAD97600E32B7B /* Assets.xcassets in Resources */,
				FC94EF1C25AAD97500E32B7B /* Main.storyboard in Resources */,
			);
			runOnlyForDeploymentPostprocessing = 0;
		};
		FC94EF2525AAD97600E32B7B /* Resources */ = {
			isa = PBXResourcesBuildPhase;
			buildActionMask = 2147483647;
			files = (
			);
			runOnlyForDeploymentPostprocessing = 0;
		};
		FC94EF3025AAD97600E32B7B /* Resources */ = {
			isa = PBXResourcesBuildPhase;
			buildActionMask = 2147483647;
			files = (
			);
			runOnlyForDeploymentPostprocessing = 0;
		};
/* End PBXResourcesBuildPhase section */

/* Begin PBXSourcesBuildPhase section */
		FC94EF0D25AAD97500E32B7B /* Sources */ = {
			isa = PBXSourcesBuildPhase;
			buildActionMask = 2147483647;
			files = (
				FC94EF1925AAD97500E32B7B /* ViewController.swift in Sources */,
				FC94EF1525AAD97500E32B7B /* AppDelegate.swift in Sources */,
				FC94EF1725AAD97500E32B7B /* SceneDelegate.swift in Sources */,
			);
			runOnlyForDeploymentPostprocessing = 0;
		};
		FC94EF2325AAD97600E32B7B /* Sources */ = {
			isa = PBXSourcesBuildPhase;
			buildActionMask = 2147483647;
			files = (
				FC94EF2C25AAD97600E32B7B /* HelloWorldTests.swift in Sources */,
			);
			runOnlyForDeploymentPostprocessing = 0;
		};
		FC94EF2E25AAD97600E32B7B /* Sources */ = {
			isa = PBXSourcesBuildPhase;
			buildActionMask = 2147483647;
			files = (
				FC94EF3725AAD97600E32B7B /* HelloWorldUITests.swift in Sources */,
			);
			runOnlyForDeploymentPostprocessing = 0;
		};
/* End PBXSourcesBuildPhase section */

/* Begin PBXTargetDependency section */
		FC94EF2925AAD97600E32B7B /* PBXTargetDependency */ = {
			isa = PBXTargetDependency;
			target = FC94EF1025AAD97500E32B7B /* HelloWorld */;
			targetProxy = FC94EF2825AAD97600E32B7B /* PBXContainerItemProxy */;
		};
		FC94EF3425AAD97600E32B7B /* PBXTargetDependency */ = {
			isa = PBXTargetDependency;
			target = FC94EF1025AAD97500E32B7B /* HelloWorld */;
			targetProxy = FC94EF3325AAD97600E32B7B /* PBXContainerItemProxy */;
		};
/* End PBXTargetDependency section */

/* Begin PBXVariantGroup section */
		FC94EF1A25AAD97500E32B7B /* Main.storyboard */ = {
			isa = PBXVariantGroup;
			children = (
				FC94EF1B25AAD97500E32B7B /* Base */,
			);
			name = Main.storyboard;
			sourceTree = "<group>";
		};
		FC94EF1F25AAD97600E32B7B /* LaunchScreen.storyboard */ = {
			isa = PBXVariantGroup;
			children = (
				FC94EF2025AAD97600E32B7B /* Base */,
			);
			name = LaunchScreen.storyboard;
			sourceTree = "<group>";
		};
/* End PBXVariantGroup section */

/* Begin XCBuildConfiguration section */
		FC94EF3925AAD97600E32B7B /* Debug */ = {
			isa = XCBuildConfiguration;
			buildSettings = {
				ALWAYS_SEARCH_USER_PATHS = NO;
				CLANG_ANALYZER_NONNULL = YES;
				CLANG_ANALYZER_NUMBER_OBJECT_CONVERSION = YES_AGGRESSIVE;
				CLANG_CXX_LANGUAGE_STANDARD = "gnu++14";
				CLANG_CXX_LIBRARY = "libc++";
				CLANG_ENABLE_MODULES = YES;
				CLANG_ENABLE_OBJC_ARC = YES;
				CLANG_ENABLE_OBJC_WEAK = YES;
				CLANG_WARN_BLOCK_CAPTURE_AUTORELEASING = YES;
				CLANG_WARN_BOOL_CONVERSION = YES;
				CLANG_WARN_COMMA = YES;
				CLANG_WARN_CONSTANT_CONVERSION = YES;
				CLANG_WARN_DEPRECATED_OBJC_IMPLEMENTATIONS = YES;
				CLANG_WARN_DIRECT_OBJC_ISA_USAGE = YES_ERROR;
				CLANG_WARN_DOCUMENTATION_COMMENTS = YES;
				CLANG_WARN_EMPTY_BODY = YES;
				CLANG_WARN_ENUM_CONVERSION = YES;
				CLANG_WARN_INFINITE_RECURSION = YES;
				CLANG_WARN_INT_CONVERSION = YES;
				CLANG_WARN_NON_LITERAL_NULL_CONVERSION = YES;
				CLANG_WARN_OBJC_IMPLICIT_RETAIN_SELF = YES;
				CLANG_WARN_OBJC_LITERAL_CONVERSION = YES;
				CLANG_WARN_OBJC_ROOT_CLASS = YES_ERROR;
				CLANG_WARN_QUOTED_INCLUDE_IN_FRAMEWORK_HEADER = YES;
				CLANG_WARN_RANGE_LOOP_ANALYSIS = YES;
				CLANG_WARN_STRICT_PROTOTYPES = YES;
				CLANG_WARN_SUSPICIOUS_MOVE = YES;
				CLANG_WARN_UNGUARDED_AVAILABILITY = YES_AGGRESSIVE;
				CLANG_WARN_UNREACHABLE_CODE = YES;
				CLANG_WARN__DUPLICATE_METHOD_MATCH = YES;
				COPY_PHASE_STRIP = NO;
				DEBUG_INFORMATION_FORMAT = dwarf;
				ENABLE_STRICT_OBJC_MSGSEND = YES;
				ENABLE_TESTABILITY = YES;
				GCC_C_LANGUAGE_STANDARD = gnu11;
				GCC_DYNAMIC_NO_PIC = NO;
				GCC_NO_COMMON_BLOCKS = YES;
				GCC_OPTIMIZATION_LEVEL = 0;
				GCC_PREPROCESSOR_DEFINITIONS = (
					"DEBUG=1",
					"$(inherited)",
				);
				GCC_WARN_64_TO_32_BIT_CONVERSION = YES;
				GCC_WARN_ABOUT_RETURN_TYPE = YES_ERROR;
				GCC_WARN_UNDECLARED_SELECTOR = YES;
				GCC_WARN_UNINITIALIZED_AUTOS = YES_AGGRESSIVE;
				GCC_WARN_UNUSED_FUNCTION = YES;
				GCC_WARN_UNUSED_VARIABLE = YES;
				IPHONEOS_DEPLOYMENT_TARGET = 14.2;
				MTL_ENABLE_DEBUG_INFO = INCLUDE_SOURCE;
				MTL_FAST_MATH = YES;
				ONLY_ACTIVE_ARCH = YES;
				SDKROOT = iphoneos;
				SWIFT_ACTIVE_COMPILATION_CONDITIONS = DEBUG;
				SWIFT_OPTIMIZATION_LEVEL = "-Onone";
			};
			name = Debug;
		};
		FC94EF3A25AAD97600E32B7B /* Release */ = {
			isa = XCBuildConfiguration;
			buildSettings = {
				ALWAYS_SEARCH_USER_PATHS = NO;
				CLANG_ANALYZER_NONNULL = YES;
				CLANG_ANALYZER_NUMBER_OBJECT_CONVERSION = YES_AGGRESSIVE;
				CLANG_CXX_LANGUAGE_STANDARD = "gnu++14";
				CLANG_CXX_LIBRARY = "libc++";
				CLANG_ENABLE_MODULES = YES;
				CLANG_ENABLE_OBJC_ARC = YES;
				CLANG_ENABLE_OBJC_WEAK = YES;
				CLANG_WARN_BLOCK_CAPTURE_AUTORELEASING = YES;
				CLANG_WARN_BOOL_CONVERSION = YES;
				CLANG_WARN_COMMA = YES;
				CLANG_WARN_CONSTANT_CONVERSION = YES;
				CLANG_WARN_DEPRECATED_OBJC_IMPLEMENTATIONS = YES;
				CLANG_WARN_DIRECT_OBJC_ISA_USAGE = YES_ERROR;
				CLANG_WARN_DOCUMENTATION_COMMENTS = YES;
				CLANG_WARN_EMPTY_BODY = YES;
				CLANG_WARN_ENUM_CONVERSION = YES;
				CLANG_WARN_INFINITE_RECURSION = YES;
				CLANG_WARN_INT_CONVERSION = YES;
				CLANG_WARN_NON_LITERAL_NULL_CONVERSION = YES;
				CLANG_WARN_OBJC_IMPLICIT_RETAIN_SELF = YES;
				CLANG_WARN_OBJC_LITERAL_CONVERSION = YES;
				CLANG_WARN_OBJC_ROOT_CLASS = YES_ERROR;
				CLANG_WARN_QUOTED_INCLUDE_IN_FRAMEWORK_HEADER = YES;
				CLANG_WARN_RANGE_LOOP_ANALYSIS = YES;
				CLANG_WARN_STRICT_PROTOTYPES = YES;
				CLANG_WARN_SUSPICIOUS_MOVE = YES;
				CLANG_WARN_UNGUARDED_AVAILABILITY = YES_AGGRESSIVE;
				CLANG_WARN_UNREACHABLE_CODE = YES;
				CLANG_WARN__DUPLICATE_METHOD_MATCH = YES;
				COPY_PHASE_STRIP = NO;
				DEBUG_INFORMATION_FORMAT = "dwarf-with-dsym";
				ENABLE_NS_ASSERTIONS = NO;
				ENABLE_STRICT_OBJC_MSGSEND = YES;
				GCC_C_LANGUAGE_STANDARD = gnu11;
				GCC_NO_COMMON_BLOCKS = YES;
				GCC_WARN_64_TO_32_BIT_CONVERSION = YES;
				GCC_WARN_ABOUT_RETURN_TYPE = YES_ERROR;
				GCC_WARN_UNDECLARED_SELECTOR = YES;
				GCC_WARN_UNINITIALIZED_AUTOS = YES_AGGRESSIVE;
				GCC_WARN_UNUSED_FUNCTION = YES;
				GCC_WARN_UNUSED_VARIABLE = YES;
				IPHONEOS_DEPLOYMENT_TARGET = 14.2;
				MTL_ENABLE_DEBUG_INFO = NO;
				MTL_FAST_MATH = YES;
				SDKROOT = iphoneos;
				SWIFT_COMPILATION_MODE = wholemodule;
				SWIFT_OPTIMIZATION_LEVEL = "-O";
				VALIDATE_PRODUCT = YES;
			};
			name = Release;
		};
		FC94EF3C25AAD97600E32B7B /* Debug */ = {
			isa = XCBuildConfiguration;
			buildSettings = {
				ASSETCATALOG_COMPILER_APPICON_NAME = AppIcon;
				ASSETCATALOG_COMPILER_GLOBAL_ACCENT_COLOR_NAME = AccentColor;
				CODE_SIGN_STYLE = Automatic;
				DEVELOPMENT_TEAM = 6Y673B293T;
				INFOPLIST_FILE = HelloWorld/Info.plist;
				LD_RUNPATH_SEARCH_PATHS = (
					"$(inherited)",
					"@executable_path/Frameworks",
				);
				PRODUCT_BUNDLE_IDENTIFIER = nmbdev.HelloWorld;
				PRODUCT_NAME = "$(TARGET_NAME)";
				SWIFT_VERSION = 5.0;
				TARGETED_DEVICE_FAMILY = "1,2";
			};
			name = Debug;
		};
		FC94EF3D25AAD97600E32B7B /* Release */ = {
			isa = XCBuildConfiguration;
			buildSettings = {
				ASSETCATALOG_COMPILER_APPICON_NAME = AppIcon;
				ASSETCATALOG_COMPILER_GLOBAL_ACCENT_COLOR_NAME = AccentColor;
				CODE_SIGN_STYLE = Automatic;
				DEVELOPMENT_TEAM = 6Y673B293T;
				INFOPLIST_FILE = HelloWorld/Info.plist;
				LD_RUNPATH_SEARCH_PATHS = (
					"$(inherited)",
					"@executable_path/Frameworks",
				);
				PRODUCT_BUNDLE_IDENTIFIER = nmbdev.HelloWorld;
				PRODUCT_NAME = "$(TARGET_NAME)";
				SWIFT_VERSION = 5.0;
				TARGETED_DEVICE_FAMILY = "1,2";
			};
			name = Release;
		};
		FC94EF3F25AAD97600E32B7B /* Debug */ = {
			isa = XCBuildConfiguration;
			buildSettings = {
				ALWAYS_EMBED_SWIFT_STANDARD_LIBRARIES = YES;
				BUNDLE_LOADER = "$(TEST_HOST)";
				CODE_SIGN_STYLE = Automatic;
				DEVELOPMENT_TEAM = 6Y673B293T;
				INFOPLIST_FILE = HelloWorldTests/Info.plist;
				IPHONEOS_DEPLOYMENT_TARGET = 14.2;
				LD_RUNPATH_SEARCH_PATHS = (
					"$(inherited)",
					"@executable_path/Frameworks",
					"@loader_path/Frameworks",
				);
				PRODUCT_BUNDLE_IDENTIFIER = nmbdev.HelloWorldTests;
				PRODUCT_NAME = "$(TARGET_NAME)";
				SWIFT_VERSION = 5.0;
				TARGETED_DEVICE_FAMILY = "1,2";
				TEST_HOST = "$(BUILT_PRODUCTS_DIR)/HelloWorld.app/HelloWorld";
			};
			name = Debug;
		};
		FC94EF4025AAD97600E32B7B /* Release */ = {
			isa = XCBuildConfiguration;
			buildSettings = {
				ALWAYS_EMBED_SWIFT_STANDARD_LIBRARIES = YES;
				BUNDLE_LOADER = "$(TEST_HOST)";
				CODE_SIGN_STYLE = Automatic;
				DEVELOPMENT_TEAM = 6Y673B293T;
				INFOPLIST_FILE = HelloWorldTests/Info.plist;
				IPHONEOS_DEPLOYMENT_TARGET = 14.2;
				LD_RUNPATH_SEARCH_PATHS = (
					"$(inherited)",
					"@executable_path/Frameworks",
					"@loader_path/Frameworks",
				);
				PRODUCT_BUNDLE_IDENTIFIER = nmbdev.HelloWorldTests;
				PRODUCT_NAME = "$(TARGET_NAME)";
				SWIFT_VERSION = 5.0;
				TARGETED_DEVICE_FAMILY = "1,2";
				TEST_HOST = "$(BUILT_PRODUCTS_DIR)/HelloWorld.app/HelloWorld";
			};
			name = Release;
		};
		FC94EF4225AAD97600E32B7B /* Debug */ = {
			isa = XCBuildConfiguration;
			buildSettings = {
				ALWAYS_EMBED_SWIFT_STANDARD_LIBRARIES = YES;
				CODE_SIGN_STYLE = Automatic;
				DEVELOPMENT_TEAM = 6Y673B293T;
				INFOPLIST_FILE = HelloWorldUITests/Info.plist;
				LD_RUNPATH_SEARCH_PATHS = (
					"$(inherited)",
					"@executable_path/Frameworks",
					"@loader_path/Frameworks",
				);
				PRODUCT_BUNDLE_IDENTIFIER = nmbdev.HelloWorldUITests;
				PRODUCT_NAME = "$(TARGET_NAME)";
				SWIFT_VERSION = 5.0;
				TARGETED_DEVICE_FAMILY = "1,2";
				TEST_TARGET_NAME = HelloWorld;
			};
			name = Debug;
		};
		FC94EF4325AAD97600E32B7B /* Release */ = {
			isa = XCBuildConfiguration;
			buildSettings = {
				ALWAYS_EMBED_SWIFT_STANDARD_LIBRARIES = YES;
				CODE_SIGN_STYLE = Automatic;
				DEVELOPMENT_TEAM = 6Y673B293T;
				INFOPLIST_FILE = HelloWorldUITests/Info.plist;
				LD_RUNPATH_SEARCH_PATHS = (
					"$(inherited)",
					"@executable_path/Frameworks",
					"@loader_path/Frameworks",
				);
				PRODUCT_BUNDLE_IDENTIFIER = nmbdev.HelloWorldUITests;
				PRODUCT_NAME = "$(TARGET_NAME)";
				SWIFT_VERSION = 5.0;
				TARGETED_DEVICE_FAMILY = "1,2";
				TEST_TARGET_NAME = HelloWorld;
			};
			name = Release;
		};
/* End XCBuildConfiguration section */

/* Begin XCConfigurationList section */
		FC94EF0C25AAD97500E32B7B /* Build configuration list for PBXProject "HelloWorld" */ = {
			isa = XCConfigurationList;
			buildConfigurations = (
				FC94EF3925AAD97600E32B7B /* Debug */,
				FC94EF3A25AAD97600E32B7B /* Release */,
			);
			defaultConfigurationIsVisible = 0;
			defaultConfigurationName = Release;
		};
		FC94EF3B25AAD97600E32B7B /* Build configuration list for PBXNativeTarget "HelloWorld" */ = {
			isa = XCConfigurationList;
			buildConfigurations = (
				FC94EF3C25AAD97600E32B7B /* Debug */,
				FC94EF3D25AAD97600E32B7B /* Release */,
			);
			defaultConfigurationIsVisible = 0;
			defaultConfigurationName = Release;
		};
		FC94EF3E25AAD97600E32B7B /* Build configuration list for PBXNativeTarget "HelloWorldTests" */ = {
			isa = XCConfigurationList;
			buildConfigurations = (
				FC94EF3F25AAD97600E32B7B /* Debug */,
				FC94EF4025AAD97600E32B7B /* Release */,
			);
			defaultConfigurationIsVisible = 0;
			defaultConfigurationName = Release;
		};
		FC94EF4125AAD97600E32B7B /* Build configuration list for PBXNativeTarget "HelloWorldUITests" */ = {
			isa = XCConfigurationList;
			buildConfigurations = (
				FC94EF4225AAD97600E32B7B /* Debug */,
				FC94EF4325AAD97600E32B7B /* Release */,
			);
			defaultConfigurationIsVisible = 0;
			defaultConfigurationName = Release;
		};
/* End XCConfigurationList section */
	};
	rootObject = FC94EF0925AAD97500E32B7B /* Project object */;
}
